
Microsoft Visual Studio Solution File, Format Version 12.00
# Visual Studio 15
VisualStudioVersion = 15.0.28307.421
MinimumVisualStudioVersion = 10.0.40219.1
Project("{9A19103F-16F7-4668-BE54-9A1E7A4F7556}") = "DrawSequence", "DrawSequence.csproj", "{9E71DF43-1D6D-4EB2-8F33-8C86D6670C8B}"
EndProject
Project("{9A19103F-16F7-4668-BE54-9A1E7A4F7556}") = "DrawSequence.Tests", "..\DrawSequence.Tests\DrawSequence.Tests.csproj", "{86470A34-0E67-44FF-94A5-828351803074}"
EndProject
Global
	GlobalSection(SolutionConfigurationPlatforms) = preSolution
		Debug|Any CPU = Debug|Any CPU
		Release|Any CPU = Release|Any CPU
	EndGlobalSection
	GlobalSection(ProjectConfigurationPlatforms) = postSolution
		{9E71DF43-1D6D-4EB2-8F33-8C86D6670C8B}.Debug|Any CPU.ActiveCfg = Debug|Any CPU
		{9E71DF43-1D6D-4EB2-8F33-8C86D6670C8B}.Debug|Any CPU.Build.0 = Debug|Any CPU
		{9E71DF43-1D6D-4EB2-8F33-8C86D6670C8B}.Release|Any CPU.ActiveCfg = Release|Any CPU
		{9E71DF43-1D6D-4EB2-8F33-8C86D6670C8B}.Release|Any CPU.Build.0 = Release|Any CPU
		{86470A34-0E67-44FF-94A5-828351803074}.Debug|Any CPU.ActiveCfg = Debug|Any CPU
		{86470A34-0E67-44FF-94A5-828351803074}.Debug|Any CPU.Build.0 = Debug|Any CPU
		{86470A34-0E67-44FF-94A5-828351803074}.Release|Any CPU.ActiveCfg = Release|Any CPU
		{86470A34-0E67-44FF-94A5-828351803074}.Release|Any CPU.Build.0 = Release|Any CPU
	EndGlobalSection
	GlobalSection(SolutionProperties) = preSolution
		HideSolutionNode = FALSE
	EndGlobalSection
	GlobalSection(ExtensibilityGlobals) = postSolution
		SolutionGuid = {1E98C595-61CD-4256-9686-61CEB96E2DE5}
	EndGlobalSection
EndGlobal
